
Microsoft Visual Studio Solution File, Format Version 12.00
# Visual Studio Version 16
VisualStudioVersion = 16.0.32126.315
MinimumVisualStudioVersion = 10.0.40219.1
Project("{FAE04EC0-301F-11D3-BF4B-00C04F79EFBC}") = "NewDateTimeTask", "NewDateTimeTask\NewDateTimeTask.csproj", "{EC5AACEE-B35C-43A0-B97F-0E91EF63AFD7}"
EndProject
Global
	GlobalSection(SolutionConfigurationPlatforms) = preSolution
		Debug|Any CPU = Debug|Any CPU
		Release|Any CPU = Release|Any CPU
	EndGlobalSection
	GlobalSection(ProjectConfigurationPlatforms) = postSolution
		{EC5AACEE-B35C-43A0-B97F-0E91EF63AFD7}.Debug|Any CPU.ActiveCfg = Debug|Any CPU
		{EC5AACEE-B35C-43A0-B97F-0E91EF63AFD7}.Debug|Any CPU.Build.0 = Debug|Any CPU
		{EC5AACEE-B35C-43A0-B97F-0E91EF63AFD7}.Release|Any CPU.ActiveCfg = Release|Any CPU
		{EC5AACEE-B35C-43A0-B97F-0E91EF63AFD7}.Release|Any CPU.Build.0 = Release|Any CPU
	EndGlobalSection
	GlobalSection(SolutionProperties) = preSolution
		HideSolutionNode = FALSE
	EndGlobalSection
	GlobalSection(ExtensibilityGlobals) = postSolution
		SolutionGuid = {B3BC3DDF-0C1A-456D-BD17-D6EE76D086BC}
	EndGlobalSection
EndGlobal
