
Microsoft Visual Studio Solution File, Format Version 12.00
# Visual Studio Version 16
VisualStudioVersion = 16.0.32126.315
MinimumVisualStudioVersion = 10.0.40219.1
Project("{FAE04EC0-301F-11D3-BF4B-00C04F79EFBC}") = "StatusTask", "StatusTask\StatusTask.csproj", "{79D2CB28-C7BC-4C28-B04F-AA4497E07C89}"
EndProject
Project("{FAE04EC0-301F-11D3-BF4B-00C04F79EFBC}") = "Utilities", "Utilities\Utilities.csproj", "{8F06EDE8-39AD-4CB4-BCD1-C92A15A34A4A}"
EndProject
Project("{FAE04EC0-301F-11D3-BF4B-00C04F79EFBC}") = "Models", "Models\Models.csproj", "{9B534A21-1D2C-4167-B7C9-48C69FB668A8}"
EndProject
Global
	GlobalSection(SolutionConfigurationPlatforms) = preSolution
		Debug|Any CPU = Debug|Any CPU
		Release|Any CPU = Release|Any CPU
	EndGlobalSection
	GlobalSection(ProjectConfigurationPlatforms) = postSolution
		{79D2CB28-C7BC-4C28-B04F-AA4497E07C89}.Debug|Any CPU.ActiveCfg = Debug|Any CPU
		{79D2CB28-C7BC-4C28-B04F-AA4497E07C89}.Debug|Any CPU.Build.0 = Debug|Any CPU
		{79D2CB28-C7BC-4C28-B04F-AA4497E07C89}.Release|Any CPU.ActiveCfg = Release|Any CPU
		{79D2CB28-C7BC-4C28-B04F-AA4497E07C89}.Release|Any CPU.Build.0 = Release|Any CPU
		{8F06EDE8-39AD-4CB4-BCD1-C92A15A34A4A}.Debug|Any CPU.ActiveCfg = Debug|Any CPU
		{8F06EDE8-39AD-4CB4-BCD1-C92A15A34A4A}.Debug|Any CPU.Build.0 = Debug|Any CPU
		{8F06EDE8-39AD-4CB4-BCD1-C92A15A34A4A}.Release|Any CPU.ActiveCfg = Release|Any CPU
		{8F06EDE8-39AD-4CB4-BCD1-C92A15A34A4A}.Release|Any CPU.Build.0 = Release|Any CPU
		{9B534A21-1D2C-4167-B7C9-48C69FB668A8}.Debug|Any CPU.ActiveCfg = Debug|Any CPU
		{9B534A21-1D2C-4167-B7C9-48C69FB668A8}.Debug|Any CPU.Build.0 = Debug|Any CPU
		{9B534A21-1D2C-4167-B7C9-48C69FB668A8}.Release|Any CPU.ActiveCfg = Release|Any CPU
		{9B534A21-1D2C-4167-B7C9-48C69FB668A8}.Release|Any CPU.Build.0 = Release|Any CPU
	EndGlobalSection
	GlobalSection(SolutionProperties) = preSolution
		HideSolutionNode = FALSE
	EndGlobalSection
	GlobalSection(ExtensibilityGlobals) = postSolution
		SolutionGuid = {6678D268-F864-4266-93CF-6A44FD74E0D2}
	EndGlobalSection
EndGlobal
